
Microsoft Visual Studio Solution File, Format Version 12.00
# Visual Studio Version 17
VisualStudioVersion = 17.13.35825.156 d17.13
MinimumVisualStudioVersion = 10.0.40219.1
Project("{FAE04EC0-301F-11D3-BF4B-00C04F79EFBC}") = "Bridge", "Bridge\Bridge.csproj", "{A5BF8F02-6999-4A37-977E-8327AE978723}"
EndProject
Global
	GlobalSection(SolutionConfigurationPlatforms) = preSolution
		Debug|Any CPU = Debug|Any CPU
		Release|Any CPU = Release|Any CPU
	EndGlobalSection
	GlobalSection(ProjectConfigurationPlatforms) = postSolution
		{A5BF8F02-6999-4A37-977E-8327AE978723}.Debug|Any CPU.ActiveCfg = Debug|Any CPU
		{A5BF8F02-6999-4A37-977E-8327AE978723}.Debug|Any CPU.Build.0 = Debug|Any CPU
		{A5BF8F02-6999-4A37-977E-8327AE978723}.Release|Any CPU.ActiveCfg = Release|Any CPU
		{A5BF8F02-6999-4A37-977E-8327AE978723}.Release|Any CPU.Build.0 = Release|Any CPU
	EndGlobalSection
	GlobalSection(SolutionProperties) = preSolution
		HideSolutionNode = FALSE
	EndGlobalSection
	GlobalSection(ExtensibilityGlobals) = postSolution
		SolutionGuid = {8A750280-A3F2-4C36-9304-872C44845047}
	EndGlobalSection
EndGlobal
